
Microsoft Visual Studio Solution File, Format Version 12.00
# Visual Studio 15
VisualStudioVersion = 15.0.27004.2006
MinimumVisualStudioVersion = 10.0.40219.1
Project("{8BC9CEB8-8B4A-11D0-8D11-00A0C91BC942}") = "Factorial", "Factorial\Factorial.vcxproj", "{17906300-ACB2-4677-9CE8-464FBC824A59}"
EndProject
Global
	GlobalSection(SolutionConfigurationPlatforms) = preSolution
		Debug|x64 = Debug|x64
		Debug|x86 = Debug|x86
		Release|x64 = Release|x64
		Release|x86 = Release|x86
	EndGlobalSection
	GlobalSection(ProjectConfigurationPlatforms) = postSolution
		{17906300-ACB2-4677-9CE8-464FBC824A59}.Debug|x64.ActiveCfg = Debug|x64
		{17906300-ACB2-4677-9CE8-464FBC824A59}.Debug|x64.Build.0 = Debug|x64
		{17906300-ACB2-4677-9CE8-464FBC824A59}.Debug|x86.ActiveCfg = Debug|Win32
		{17906300-ACB2-4677-9CE8-464FBC824A59}.Debug|x86.Build.0 = Debug|Win32
		{17906300-ACB2-4677-9CE8-464FBC824A59}.Release|x64.ActiveCfg = Release|x64
		{17906300-ACB2-4677-9CE8-464FBC824A59}.Release|x64.Build.0 = Release|x64
		{17906300-ACB2-4677-9CE8-464FBC824A59}.Release|x86.ActiveCfg = Release|Win32
		{17906300-ACB2-4677-9CE8-464FBC824A59}.Release|x86.Build.0 = Release|Win32
	EndGlobalSection
	GlobalSection(SolutionProperties) = preSolution
		HideSolutionNode = FALSE
	EndGlobalSection
	GlobalSection(ExtensibilityGlobals) = postSolution
		SolutionGuid = {3F88DE23-3F78-45C0-B2E4-4EA05C94F780}
	EndGlobalSection
EndGlobal
